// !$*UTF8*$!
{
	archiveVersion = 1;
	classes = {
	};
	objectVersion = 46;
	objects = {

/* Begin PBXBuildFile section */
		1E6C0D151DE361320055D87C /* URLConnect.swift in Sources */ = {isa = PBXBuildFile; fileRef = 1E6C0D141DE361320055D87C /* URLConnect.swift */; };
		1E8395161DA85A6A00692867 /* RecipeViewController.swift in Sources */ = {isa = PBXBuildFile; fileRef = 1E8395151DA85A6A00692867 /* RecipeViewController.swift */; };
		1EA4C3861DA6304700855D6B /* AppDelegate.swift in Sources */ = {isa = PBXBuildFile; fileRef = 1EA4C3851DA6304700855D6B /* AppDelegate.swift */; };
		1EA4C38B1DA6304700855D6B /* Main.storyboard in Resources */ = {isa = PBXBuildFile; fileRef = 1EA4C3891DA6304700855D6B /* Main.storyboard */; };
		1EA4C38D1DA6304700855D6B /* Assets.xcassets in Resources */ = {isa = PBXBuildFile; fileRef = 1EA4C38C1DA6304700855D6B /* Assets.xcassets */; };
		1EA4C3901DA6304700855D6B /* LaunchScreen.storyboard in Resources */ = {isa = PBXBuildFile; fileRef = 1EA4C38E1DA6304700855D6B /* LaunchScreen.storyboard */; };
		1EA4C39A1DA6450B00855D6B /* SearchViewController.swift in Sources */ = {isa = PBXBuildFile; fileRef = 1EA4C3991DA6450B00855D6B /* SearchViewController.swift */; };
		1EB636C51DA64B4B00262C82 /* MenuOptions.swift in Sources */ = {isa = PBXBuildFile; fileRef = 1EB636C41DA64B4B00262C82 /* MenuOptions.swift */; };
		1EBE86FF1E829C06001EB9AF /* FoodData.swift in Sources */ = {isa = PBXBuildFile; fileRef = 1EBE86FE1E829C06001EB9AF /* FoodData.swift */; };
		1EBE87011E829C81001EB9AF /* CalorieSetup.swift in Sources */ = {isa = PBXBuildFile; fileRef = 1EBE87001E829C81001EB9AF /* CalorieSetup.swift */; };
		1EBE87031E82A69E001EB9AF /* RecipeData.swift in Sources */ = {isa = PBXBuildFile; fileRef = 1EBE87021E82A69E001EB9AF /* RecipeData.swift */; };
		1EBE87051E82B0CB001EB9AF /* RecipeInfo.swift in Sources */ = {isa = PBXBuildFile; fileRef = 1EBE87041E82B0CB001EB9AF /* RecipeInfo.swift */; };
		1EBE87081E83057C001EB9AF /* ExtraTools.swift in Sources */ = {isa = PBXBuildFile; fileRef = 1EBE87071E83057C001EB9AF /* ExtraTools.swift */; };
		1EE836481DDF62540056AF08 /* CalCheckerTests.swift in Sources */ = {isa = PBXBuildFile; fileRef = 1EE836471DDF62540056AF08 /* CalCheckerTests.swift */; };
		1EE836501DDF62830056AF08 /* SearchViewControllerTests.swift in Sources */ = {isa = PBXBuildFile; fileRef = 1EE8364F1DDF62830056AF08 /* SearchViewControllerTests.swift */; };
		1EEEC9481DA8255800EB974F /* ResultViewCell.swift in Sources */ = {isa = PBXBuildFile; fileRef = 1EEEC9471DA8255800EB974F /* ResultViewCell.swift */; };
		251FB5B01DA7A76D00F76323 /* DetailViewController.swift in Sources */ = {isa = PBXBuildFile; fileRef = 251FB5AF1DA7A76D00F76323 /* DetailViewController.swift */; };
		251FB5B21DA7A78600F76323 /* SelectedViewController.swift in Sources */ = {isa = PBXBuildFile; fileRef = 251FB5B11DA7A78600F76323 /* SelectedViewController.swift */; };
		25F3D5001DA98FC700E09B7B /* download.jpeg in Resources */ = {isa = PBXBuildFile; fileRef = 25F3D4FF1DA98FC700E09B7B /* download.jpeg */; };
/* End PBXBuildFile section */

/* Begin PBXContainerItemProxy section */
		1EE8364A1DDF62540056AF08 /* PBXContainerItemProxy */ = {
			isa = PBXContainerItemProxy;
			containerPortal = 1EA4C37A1DA6304700855D6B /* Project object */;
			proxyType = 1;
			remoteGlobalIDString = 1EA4C3811DA6304700855D6B;
			remoteInfo = CalChecker;
		};
/* End PBXContainerItemProxy section */

/* Begin PBXFileReference section */
		1E6C0D141DE361320055D87C /* URLConnect.swift */ = {isa = PBXFileReference; fileEncoding = 4; lastKnownFileType = sourcecode.swift; path = URLConnect.swift; sourceTree = "<group>"; };
		1E8395151DA85A6A00692867 /* RecipeViewController.swift */ = {isa = PBXFileReference; fileEncoding = 4; lastKnownFileType = sourcecode.swift; path = RecipeViewController.swift; sourceTree = "<group>"; };
		1EA4C3821DA6304700855D6B /* CalChecker.app */ = {isa = PBXFileReference; explicitFileType = wrapper.application; includeInIndex = 0; path = CalChecker.app; sourceTree = BUILT_PRODUCTS_DIR; };
		1EA4C3851DA6304700855D6B /* AppDelegate.swift */ = {isa = PBXFileReference; lastKnownFileType = sourcecode.swift; path = AppDelegate.swift; sourceTree = "<group>"; };
		1EA4C38A1DA6304700855D6B /* Base */ = {isa = PBXFileReference; lastKnownFileType = file.storyboard; name = Base; path = Base.lproj/Main.storyboard; sourceTree = "<group>"; };
		1EA4C38C1DA6304700855D6B /* Assets.xcassets */ = {isa = PBXFileReference; lastKnownFileType = folder.assetcatalog; path = Assets.xcassets; sourceTree = "<group>"; };
		1EA4C38F1DA6304700855D6B /* Base */ = {isa = PBXFileReference; lastKnownFileType = file.storyboard; name = Base; path = Base.lproj/LaunchScreen.storyboard; sourceTree = "<group>"; };
		1EA4C3911DA6304700855D6B /* Info.plist */ = {isa = PBXFileReference; lastKnownFileType = text.plist.xml; path = Info.plist; sourceTree = "<group>"; };
		1EA4C3991DA6450B00855D6B /* SearchViewController.swift */ = {isa = PBXFileReference; fileEncoding = 4; lastKnownFileType = sourcecode.swift; path = SearchViewController.swift; sourceTree = "<group>"; };
		1EB636C41DA64B4B00262C82 /* MenuOptions.swift */ = {isa = PBXFileReference; fileEncoding = 4; lastKnownFileType = sourcecode.swift; path = MenuOptions.swift; sourceTree = "<group>"; };
		1EBE86FE1E829C06001EB9AF /* FoodData.swift */ = {isa = PBXFileReference; fileEncoding = 4; lastKnownFileType = sourcecode.swift; name = FoodData.swift; path = Model/FoodData.swift; sourceTree = "<group>"; };
		1EBE87001E829C81001EB9AF /* CalorieSetup.swift */ = {isa = PBXFileReference; fileEncoding = 4; lastKnownFileType = sourcecode.swift; name = CalorieSetup.swift; path = Model/CalorieSetup.swift; sourceTree = "<group>"; };
		1EBE87021E82A69E001EB9AF /* RecipeData.swift */ = {isa = PBXFileReference; fileEncoding = 4; lastKnownFileType = sourcecode.swift; name = RecipeData.swift; path = Model/RecipeData.swift; sourceTree = "<group>"; };
		1EBE87041E82B0CB001EB9AF /* RecipeInfo.swift */ = {isa = PBXFileReference; fileEncoding = 4; lastKnownFileType = sourcecode.swift; name = RecipeInfo.swift; path = Model/RecipeInfo.swift; sourceTree = "<group>"; };
		1EBE87071E83057C001EB9AF /* ExtraTools.swift */ = {isa = PBXFileReference; fileEncoding = 4; lastKnownFileType = sourcecode.swift; name = ExtraTools.swift; path = Extras/ExtraTools.swift; sourceTree = "<group>"; };
		1EE836451DDF62540056AF08 /* CalCheckerTests.xctest */ = {isa = PBXFileReference; explicitFileType = wrapper.cfbundle; includeInIndex = 0; path = CalCheckerTests.xctest; sourceTree = BUILT_PRODUCTS_DIR; };
		1EE836471DDF62540056AF08 /* CalCheckerTests.swift */ = {isa = PBXFileReference; lastKnownFileType = sourcecode.swift; path = CalCheckerTests.swift; sourceTree = "<group>"; };
		1EE836491DDF62540056AF08 /* Info.plist */ = {isa = PBXFileReference; lastKnownFileType = text.plist.xml; path = Info.plist; sourceTree = "<group>"; };
		1EE8364F1DDF62830056AF08 /* SearchViewControllerTests.swift */ = {isa = PBXFileReference; fileEncoding = 4; lastKnownFileType = sourcecode.swift; name = SearchViewControllerTests.swift; path = Controller/SearchViewControllerTests.swift; sourceTree = "<group>"; };
		1EEEC9471DA8255800EB974F /* ResultViewCell.swift */ = {isa = PBXFileReference; fileEncoding = 4; lastKnownFileType = sourcecode.swift; path = ResultViewCell.swift; sourceTree = "<group>"; };
		251FB5AF1DA7A76D00F76323 /* DetailViewController.swift */ = {isa = PBXFileReference; fileEncoding = 4; lastKnownFileType = sourcecode.swift; path = DetailViewController.swift; sourceTree = "<group>"; };
		251FB5B11DA7A78600F76323 /* SelectedViewController.swift */ = {isa = PBXFileReference; fileEncoding = 4; lastKnownFileType = sourcecode.swift; path = SelectedViewController.swift; sourceTree = "<group>"; };
		25F3D4FF1DA98FC700E09B7B /* download.jpeg */ = {isa = PBXFileReference; lastKnownFileType = image.jpeg; path = download.jpeg; sourceTree = "<group>"; };
/* End PBXFileReference section */

/* Begin PBXFrameworksBuildPhase section */
		1EA4C37F1DA6304700855D6B /* Frameworks */ = {
			isa = PBXFrameworksBuildPhase;
			buildActionMask = 2147483647;
			files = (
			);
			runOnlyForDeploymentPostprocessing = 0;
		};
		1EE836421DDF62540056AF08 /* Frameworks */ = {
			isa = PBXFrameworksBuildPhase;
			buildActionMask = 2147483647;
			files = (
			);
			runOnlyForDeploymentPostprocessing = 0;
		};
/* End PBXFrameworksBuildPhase section */

/* Begin PBXGroup section */
		1E6C0D131DE3530D0055D87C /* Controllers */ = {
			isa = PBXGroup;
			children = (
				1EA4C3991DA6450B00855D6B /* SearchViewController.swift */,
				1EB636C41DA64B4B00262C82 /* MenuOptions.swift */,
				251FB5AF1DA7A76D00F76323 /* DetailViewController.swift */,
				251FB5B11DA7A78600F76323 /* SelectedViewController.swift */,
				1EEEC9471DA8255800EB974F /* ResultViewCell.swift */,
				1E8395151DA85A6A00692867 /* RecipeViewController.swift */,
				1E6C0D141DE361320055D87C /* URLConnect.swift */,
			);
			name = Controllers;
			sourceTree = "<group>";
		};
		1EA4C3791DA6304700855D6B = {
			isa = PBXGroup;
			children = (
				1EA4C3841DA6304700855D6B /* CalChecker */,
				1EE836461DDF62540056AF08 /* CalCheckerTests */,
				1EA4C3831DA6304700855D6B /* Products */,
			);
			sourceTree = "<group>";
		};
		1EA4C3831DA6304700855D6B /* Products */ = {
			isa = PBXGroup;
			children = (
				1EA4C3821DA6304700855D6B /* CalChecker.app */,
				1EE836451DDF62540056AF08 /* CalCheckerTests.xctest */,
			);
			name = Products;
			sourceTree = "<group>";
		};
		1EA4C3841DA6304700855D6B /* CalChecker */ = {
			isa = PBXGroup;
			children = (
				1EBE87061E83055B001EB9AF /* Extras */,
				1EBE86FD1E7F8AA9001EB9AF /* Model */,
				25F3D4FE1DA98EFC00E09B7B /* images */,
				1EA4C3851DA6304700855D6B /* AppDelegate.swift */,
				1EA4C3891DA6304700855D6B /* Main.storyboard */,
				1EA4C38C1DA6304700855D6B /* Assets.xcassets */,
				1EA4C38E1DA6304700855D6B /* LaunchScreen.storyboard */,
				1EA4C3911DA6304700855D6B /* Info.plist */,
				1E6C0D131DE3530D0055D87C /* Controllers */,
			);
			path = CalChecker;
			sourceTree = "<group>";
		};
		1EBE86FD1E7F8AA9001EB9AF /* Model */ = {
			isa = PBXGroup;
			children = (
				1EBE87001E829C81001EB9AF /* CalorieSetup.swift */,
				1EBE87021E82A69E001EB9AF /* RecipeData.swift */,
				1EBE87041E82B0CB001EB9AF /* RecipeInfo.swift */,
				1EBE86FE1E829C06001EB9AF /* FoodData.swift */,
			);
			name = Model;
			sourceTree = "<group>";
		};
		1EBE87061E83055B001EB9AF /* Extras */ = {
			isa = PBXGroup;
			children = (
				1EBE87071E83057C001EB9AF /* ExtraTools.swift */,
			);
			name = Extras;
			sourceTree = "<group>";
		};
		1EE836461DDF62540056AF08 /* CalCheckerTests */ = {
			isa = PBXGroup;
			children = (
				1EE836471DDF62540056AF08 /* CalCheckerTests.swift */,
				1EE836491DDF62540056AF08 /* Info.plist */,
				1EE8364F1DDF62830056AF08 /* SearchViewControllerTests.swift */,
			);
			path = CalCheckerTests;
			sourceTree = "<group>";
		};
		25F3D4FE1DA98EFC00E09B7B /* images */ = {
			isa = PBXGroup;
			children = (
				25F3D4FF1DA98FC700E09B7B /* download.jpeg */,
			);
			name = images;
			sourceTree = "<group>";
		};
/* End PBXGroup section */

/* Begin PBXNativeTarget section */
		1EA4C3811DA6304700855D6B /* CalChecker */ = {
			isa = PBXNativeTarget;
			buildConfigurationList = 1EA4C3941DA6304700855D6B /* Build configuration list for PBXNativeTarget "CalChecker" */;
			buildPhases = (
				1EA4C37E1DA6304700855D6B /* Sources */,
				1EA4C37F1DA6304700855D6B /* Frameworks */,
				1EA4C3801DA6304700855D6B /* Resources */,
			);
			buildRules = (
			);
			dependencies = (
			);
			name = CalChecker;
			productName = CalChecker;
			productReference = 1EA4C3821DA6304700855D6B /* CalChecker.app */;
			productType = "com.apple.product-type.application";
		};
		1EE836441DDF62540056AF08 /* CalCheckerTests */ = {
			isa = PBXNativeTarget;
			buildConfigurationList = 1EE8364E1DDF62540056AF08 /* Build configuration list for PBXNativeTarget "CalCheckerTests" */;
			buildPhases = (
				1EE836411DDF62540056AF08 /* Sources */,
				1EE836421DDF62540056AF08 /* Frameworks */,
				1EE836431DDF62540056AF08 /* Resources */,
			);
			buildRules = (
			);
			dependencies = (
				1EE8364B1DDF62540056AF08 /* PBXTargetDependency */,
			);
			name = CalCheckerTests;
			productName = CalCheckerTests;
			productReference = 1EE836451DDF62540056AF08 /* CalCheckerTests.xctest */;
			productType = "com.apple.product-type.bundle.unit-test";
		};
/* End PBXNativeTarget section */

/* Begin PBXProject section */
		1EA4C37A1DA6304700855D6B /* Project object */ = {
			isa = PBXProject;
			attributes = {
				LastSwiftUpdateCheck = 0810;
				LastUpgradeCheck = 0810;
				ORGANIZATIONNAME = "Abisola Adeniran";
				TargetAttributes = {
					1EA4C3811DA6304700855D6B = {
						CreatedOnToolsVersion = 8.0;
						DevelopmentTeam = J585BB35C4;
						ProvisioningStyle = Automatic;
					};
					1EE836441DDF62540056AF08 = {
						CreatedOnToolsVersion = 8.1;
						ProvisioningStyle = Automatic;
						TestTargetID = 1EA4C3811DA6304700855D6B;
					};
				};
			};
			buildConfigurationList = 1EA4C37D1DA6304700855D6B /* Build configuration list for PBXProject "CalChecker" */;
			compatibilityVersion = "Xcode 3.2";
			developmentRegion = English;
			hasScannedForEncodings = 0;
			knownRegions = (
				en,
				Base,
			);
			mainGroup = 1EA4C3791DA6304700855D6B;
			productRefGroup = 1EA4C3831DA6304700855D6B /* Products */;
			projectDirPath = "";
			projectRoot = "";
			targets = (
				1EA4C3811DA6304700855D6B /* CalChecker */,
				1EE836441DDF62540056AF08 /* CalCheckerTests */,
			);
		};
/* End PBXProject section */

/* Begin PBXResourcesBuildPhase section */
		1EA4C3801DA6304700855D6B /* Resources */ = {
			isa = PBXResourcesBuildPhase;
			buildActionMask = 2147483647;
			files = (
				1EA4C3901DA6304700855D6B /* LaunchScreen.storyboard in Resources */,
				25F3D5001DA98FC700E09B7B /* download.jpeg in Resources */,
				1EA4C38D1DA6304700855D6B /* Assets.xcassets in Resources */,
				1EA4C38B1DA6304700855D6B /* Main.storyboard in Resources */,
			);
			runOnlyForDeploymentPostprocessing = 0;
		};
		1EE836431DDF62540056AF08 /* Resources */ = {
			isa = PBXResourcesBuildPhase;
			buildActionMask = 2147483647;
			files = (
			);
			runOnlyForDeploymentPostprocessing = 0;
		};
/* End PBXResourcesBuildPhase section */

/* Begin PBXSourcesBuildPhase section */
		1EA4C37E1DA6304700855D6B /* Sources */ = {
			isa = PBXSourcesBuildPhase;
			buildActionMask = 2147483647;
			files = (
				1E6C0D151DE361320055D87C /* URLConnect.swift in Sources */,
				1EEEC9481DA8255800EB974F /* ResultViewCell.swift in Sources */,
				1EB636C51DA64B4B00262C82 /* MenuOptions.swift in Sources */,
				1EBE87011E829C81001EB9AF /* CalorieSetup.swift in Sources */,
				251FB5B01DA7A76D00F76323 /* DetailViewController.swift in Sources */,
				1EA4C39A1DA6450B00855D6B /* SearchViewController.swift in Sources */,
				1EBE87081E83057C001EB9AF /* ExtraTools.swift in Sources */,
				1EBE86FF1E829C06001EB9AF /* FoodData.swift in Sources */,
				251FB5B21DA7A78600F76323 /* SelectedViewController.swift in Sources */,
				1EBE87031E82A69E001EB9AF /* RecipeData.swift in Sources */,
				1EA4C3861DA6304700855D6B /* AppDelegate.swift in Sources */,
				1E8395161DA85A6A00692867 /* RecipeViewController.swift in Sources */,
				1EBE87051E82B0CB001EB9AF /* RecipeInfo.swift in Sources */,
			);
			runOnlyForDeploymentPostprocessing = 0;
		};
		1EE836411DDF62540056AF08 /* Sources */ = {
			isa = PBXSourcesBuildPhase;
			buildActionMask = 2147483647;
			files = (
				1EE836501DDF62830056AF08 /* SearchViewControllerTests.swift in Sources */,
				1EE836481DDF62540056AF08 /* CalCheckerTests.swift in Sources */,
			);
			runOnlyForDeploymentPostprocessing = 0;
		};
/* End PBXSourcesBuildPhase section */

/* Begin PBXTargetDependency section */
		1EE8364B1DDF62540056AF08 /* PBXTargetDependency */ = {
			isa = PBXTargetDependency;
			target = 1EA4C3811DA6304700855D6B /* CalChecker */;
			targetProxy = 1EE8364A1DDF62540056AF08 /* PBXContainerItemProxy */;
		};
/* End PBXTargetDependency section */

/* Begin PBXVariantGroup section */
		1EA4C3891DA6304700855D6B /* Main.storyboard */ = {
			isa = PBXVariantGroup;
			children = (
				1EA4C38A1DA6304700855D6B /* Base */,
			);
			name = Main.storyboard;
			sourceTree = "<group>";
		};
		1EA4C38E1DA6304700855D6B /* LaunchScreen.storyboard */ = {
			isa = PBXVariantGroup;
			children = (
				1EA4C38F1DA6304700855D6B /* Base */,
			);
			name = LaunchScreen.storyboard;
			sourceTree = "<group>";
		};
/* End PBXVariantGroup section */

/* Begin XCBuildConfiguration section */
		1EA4C3921DA6304700855D6B /* Debug */ = {
			isa = XCBuildConfiguration;
			buildSettings = {
				ALWAYS_SEARCH_USER_PATHS = NO;
				CLANG_ANALYZER_NONNULL = YES;
				CLANG_CXX_LANGUAGE_STANDARD = "gnu++0x";
				CLANG_CXX_LIBRARY = "libc++";
				CLANG_ENABLE_MODULES = YES;
				CLANG_ENABLE_OBJC_ARC = YES;
				CLANG_WARN_BOOL_CONVERSION = YES;
				CLANG_WARN_CONSTANT_CONVERSION = YES;
				CLANG_WARN_DIRECT_OBJC_ISA_USAGE = YES_ERROR;
				CLANG_WARN_DOCUMENTATION_COMMENTS = YES;
				CLANG_WARN_EMPTY_BODY = YES;
				CLANG_WARN_ENUM_CONVERSION = YES;
				CLANG_WARN_INFINITE_RECURSION = YES;
				CLANG_WARN_INT_CONVERSION = YES;
				CLANG_WARN_OBJC_ROOT_CLASS = YES_ERROR;
				CLANG_WARN_SUSPICIOUS_MOVE = YES;
				CLANG_WARN_SUSPICIOUS_MOVES = YES;
				CLANG_WARN_UNREACHABLE_CODE = YES;
				CLANG_WARN__DUPLICATE_METHOD_MATCH = YES;
				"CODE_SIGN_IDENTITY[sdk=iphoneos*]" = "iPhone Developer";
				COPY_PHASE_STRIP = NO;
				DEBUG_INFORMATION_FORMAT = dwarf;
				ENABLE_STRICT_OBJC_MSGSEND = YES;
				ENABLE_TESTABILITY = YES;
				GCC_C_LANGUAGE_STANDARD = gnu99;
				GCC_DYNAMIC_NO_PIC = NO;
				GCC_NO_COMMON_BLOCKS = YES;
				GCC_OPTIMIZATION_LEVEL = 0;
				GCC_PREPROCESSOR_DEFINITIONS = (
					"DEBUG=1",
					"$(inherited)",
				);
				GCC_WARN_64_TO_32_BIT_CONVERSION = YES;
				GCC_WARN_ABOUT_RETURN_TYPE = YES_ERROR;
				GCC_WARN_UNDECLARED_SELECTOR = YES;
				GCC_WARN_UNINITIALIZED_AUTOS = YES_AGGRESSIVE;
				GCC_WARN_UNUSED_FUNCTION = YES;
				GCC_WARN_UNUSED_VARIABLE = YES;
				IPHONEOS_DEPLOYMENT_TARGET = 10.0;
				MTL_ENABLE_DEBUG_INFO = YES;
				ONLY_ACTIVE_ARCH = YES;
				SDKROOT = iphoneos;
				SWIFT_ACTIVE_COMPILATION_CONDITIONS = DEBUG;
				SWIFT_OPTIMIZATION_LEVEL = "-Onone";
				TARGETED_DEVICE_FAMILY = "1,2";
			};
			name = Debug;
		};
		1EA4C3931DA6304700855D6B /* Release */ = {
			isa = XCBuildConfiguration;
			buildSettings = {
				ALWAYS_SEARCH_USER_PATHS = NO;
				CLANG_ANALYZER_NONNULL = YES;
				CLANG_CXX_LANGUAGE_STANDARD = "gnu++0x";
				CLANG_CXX_LIBRARY = "libc++";
				CLANG_ENABLE_MODULES = YES;
				CLANG_ENABLE_OBJC_ARC = YES;
				CLANG_WARN_BOOL_CONVERSION = YES;
				CLANG_WARN_CONSTANT_CONVERSION = YES;
				CLANG_WARN_DIRECT_OBJC_ISA_USAGE = YES_ERROR;
				CLANG_WARN_DOCUMENTATION_COMMENTS = YES;
				CLANG_WARN_EMPTY_BODY = YES;
				CLANG_WARN_ENUM_CONVERSION = YES;
				CLANG_WARN_INFINITE_RECURSION = YES;
				CLANG_WARN_INT_CONVERSION = YES;
				CLANG_WARN_OBJC_ROOT_CLASS = YES_ERROR;
				CLANG_WARN_SUSPICIOUS_MOVE = YES;
				CLANG_WARN_SUSPICIOUS_MOVES = YES;
				CLANG_WARN_UNREACHABLE_CODE = YES;
				CLANG_WARN__DUPLICATE_METHOD_MATCH = YES;
				"CODE_SIGN_IDENTITY[sdk=iphoneos*]" = "iPhone Developer";
				COPY_PHASE_STRIP = NO;
				DEBUG_INFORMATION_FORMAT = "dwarf-with-dsym";
				ENABLE_NS_ASSERTIONS = NO;
				ENABLE_STRICT_OBJC_MSGSEND = YES;
				GCC_C_LANGUAGE_STANDARD = gnu99;
				GCC_NO_COMMON_BLOCKS = YES;
				GCC_WARN_64_TO_32_BIT_CONVERSION = YES;
				GCC_WARN_ABOUT_RETURN_TYPE = YES_ERROR;
				GCC_WARN_UNDECLARED_SELECTOR = YES;
				GCC_WARN_UNINITIALIZED_AUTOS = YES_AGGRESSIVE;
				GCC_WARN_UNUSED_FUNCTION = YES;
				GCC_WARN_UNUSED_VARIABLE = YES;
				IPHONEOS_DEPLOYMENT_TARGET = 10.0;
				MTL_ENABLE_DEBUG_INFO = NO;
				SDKROOT = iphoneos;
				SWIFT_OPTIMIZATION_LEVEL = "-Owholemodule";
				TARGETED_DEVICE_FAMILY = "1,2";
				VALIDATE_PRODUCT = YES;
			};
			name = Release;
		};
		1EA4C3951DA6304700855D6B /* Debug */ = {
			isa = XCBuildConfiguration;
			buildSettings = {
				ASSETCATALOG_COMPILER_APPICON_NAME = AppIcon;
				DEVELOPMENT_TEAM = J585BB35C4;
				INFOPLIST_FILE = CalChecker/Info.plist;
				LD_RUNPATH_SEARCH_PATHS = "$(inherited) @executable_path/Frameworks";
				PRODUCT_BUNDLE_IDENTIFIER = com.abi.CalChecker;
				PRODUCT_NAME = "$(TARGET_NAME)";
				SWIFT_VERSION = 3.0;
			};
			name = Debug;
		};
		1EA4C3961DA6304700855D6B /* Release */ = {
			isa = XCBuildConfiguration;
			buildSettings = {
				ASSETCATALOG_COMPILER_APPICON_NAME = AppIcon;
				DEVELOPMENT_TEAM = J585BB35C4;
				INFOPLIST_FILE = CalChecker/Info.plist;
				LD_RUNPATH_SEARCH_PATHS = "$(inherited) @executable_path/Frameworks";
				PRODUCT_BUNDLE_IDENTIFIER = com.abi.CalChecker;
				PRODUCT_NAME = "$(TARGET_NAME)";
				SWIFT_VERSION = 3.0;
			};
			name = Release;
		};
		1EE8364C1DDF62540056AF08 /* Debug */ = {
			isa = XCBuildConfiguration;
			buildSettings = {
				BUNDLE_LOADER = "$(TEST_HOST)";
				INFOPLIST_FILE = CalCheckerTests/Info.plist;
				IPHONEOS_DEPLOYMENT_TARGET = 10.1;
				LD_RUNPATH_SEARCH_PATHS = "$(inherited) @executable_path/Frameworks @loader_path/Frameworks";
				PRODUCT_BUNDLE_IDENTIFIER = com.abi.CalCheckerTests;
				PRODUCT_NAME = "$(TARGET_NAME)";
				SWIFT_VERSION = 3.0;
				TEST_HOST = "$(BUILT_PRODUCTS_DIR)/CalChecker.app/CalChecker";
			};
			name = Debug;
		};
		1EE8364D1DDF62540056AF08 /* Release */ = {
			isa = XCBuildConfiguration;
			buildSettings = {
				BUNDLE_LOADER = "$(TEST_HOST)";
				INFOPLIST_FILE = CalCheckerTests/Info.plist;
				IPHONEOS_DEPLOYMENT_TARGET = 10.1;
				LD_RUNPATH_SEARCH_PATHS = "$(inherited) @executable_path/Frameworks @loader_path/Frameworks";
				PRODUCT_BUNDLE_IDENTIFIER = com.abi.CalCheckerTests;
				PRODUCT_NAME = "$(TARGET_NAME)";
				SWIFT_VERSION = 3.0;
				TEST_HOST = "$(BUILT_PRODUCTS_DIR)/CalChecker.app/CalChecker";
			};
			name = Release;
		};
/* End XCBuildConfiguration section */

/* Begin XCConfigurationList section */
		1EA4C37D1DA6304700855D6B /* Build configuration list for PBXProject "CalChecker" */ = {
			isa = XCConfigurationList;
			buildConfigurations = (
				1EA4C3921DA6304700855D6B /* Debug */,
				1EA4C3931DA6304700855D6B /* Release */,
			);
			defaultConfigurationIsVisible = 0;
			defaultConfigurationName = Release;
		};
		1EA4C3941DA6304700855D6B /* Build configuration list for PBXNativeTarget "CalChecker" */ = {
			isa = XCConfigurationList;
			buildConfigurations = (
				1EA4C3951DA6304700855D6B /* Debug */,
				1EA4C3961DA6304700855D6B /* Release */,
			);
			defaultConfigurationIsVisible = 0;
			defaultConfigurationName = Release;
		};
		1EE8364E1DDF62540056AF08 /* Build configuration list for PBXNativeTarget "CalCheckerTests" */ = {
			isa = XCConfigurationList;
			buildConfigurations = (
				1EE8364C1DDF62540056AF08 /* Debug */,
				1EE8364D1DDF62540056AF08 /* Release */,
			);
			defaultConfigurationIsVisible = 0;
			defaultConfigurationName = Release;
		};
/* End XCConfigurationList section */
	};
	rootObject = 1EA4C37A1DA6304700855D6B /* Project object */;
}
